// !$*UTF8*$!
{
	archiveVersion = 1;
	classes = {
	};
	objectVersion = 56;
	objects = {

/* Begin PBXBuildFile section */
		512DD201295640770023C6C6 /* Mood_TrackerApp.swift in Sources */ = {isa = PBXBuildFile; fileRef = 512DD200295640770023C6C6 /* Mood_TrackerApp.swift */; };
		512DD203295640770023C6C6 /* ContentView.swift in Sources */ = {isa = PBXBuildFile; fileRef = 512DD202295640770023C6C6 /* ContentView.swift */; };
		512DD205295640780023C6C6 /* Assets.xcassets in Resources */ = {isa = PBXBuildFile; fileRef = 512DD204295640780023C6C6 /* Assets.xcassets */; };
		512DD208295640780023C6C6 /* Preview Assets.xcassets in Resources */ = {isa = PBXBuildFile; fileRef = 512DD207295640780023C6C6 /* Preview Assets.xcassets */; };
		512DD21229564A550023C6C6 /* HYU_CatHome.swift in Sources */ = {isa = PBXBuildFile; fileRef = 512DD21129564A550023C6C6 /* HYU_CatHome.swift */; };
		51924779295689B500A5761F /* ButtonPressActions.swift in Sources */ = {isa = PBXBuildFile; fileRef = 51924778295689B500A5761F /* ButtonPressActions.swift */; };
		51B51DAC295659F6005DA37C /* HYU_CatSettings.swift in Sources */ = {isa = PBXBuildFile; fileRef = 51B51DAB295659F6005DA37C /* HYU_CatSettings.swift */; };
		51B51DAE29565A0D005DA37C /* HYU_CatAnalyze.swift in Sources */ = {isa = PBXBuildFile; fileRef = 51B51DAD29565A0D005DA37C /* HYU_CatAnalyze.swift */; };
		51F76C42295776A300DEF058 /* SwiftKeychainWrapper in Frameworks */ = {isa = PBXBuildFile; productRef = 51F76C41295776A300DEF058 /* SwiftKeychainWrapper */; };
/* End PBXBuildFile section */

/* Begin PBXFileReference section */
		512DD1FD295640770023C6C6 /* Mood Tracker.app */ = {isa = PBXFileReference; explicitFileType = wrapper.application; includeInIndex = 0; path = "Mood Tracker.app"; sourceTree = BUILT_PRODUCTS_DIR; };
		512DD200295640770023C6C6 /* Mood_TrackerApp.swift */ = {isa = PBXFileReference; lastKnownFileType = sourcecode.swift; path = Mood_TrackerApp.swift; sourceTree = "<group>"; };
		512DD202295640770023C6C6 /* ContentView.swift */ = {isa = PBXFileReference; lastKnownFileType = sourcecode.swift; path = ContentView.swift; sourceTree = "<group>"; };
		512DD204295640780023C6C6 /* Assets.xcassets */ = {isa = PBXFileReference; lastKnownFileType = folder.assetcatalog; path = Assets.xcassets; sourceTree = "<group>"; };
		512DD207295640780023C6C6 /* Preview Assets.xcassets */ = {isa = PBXFileReference; lastKnownFileType = folder.assetcatalog; path = "Preview Assets.xcassets"; sourceTree = "<group>"; };
		512DD210295648540023C6C6 /* Mood-Tracker-Info.plist */ = {isa = PBXFileReference; lastKnownFileType = text.plist; path = "Mood-Tracker-Info.plist"; sourceTree = SOURCE_ROOT; };
		512DD21129564A550023C6C6 /* HYU_CatHome.swift */ = {isa = PBXFileReference; lastKnownFileType = sourcecode.swift; path = HYU_CatHome.swift; sourceTree = "<group>"; };
		51924778295689B500A5761F /* ButtonPressActions.swift */ = {isa = PBXFileReference; lastKnownFileType = sourcecode.swift; path = ButtonPressActions.swift; sourceTree = "<group>"; };
		51B51DAB295659F6005DA37C /* HYU_CatSettings.swift */ = {isa = PBXFileReference; lastKnownFileType = sourcecode.swift; path = HYU_CatSettings.swift; sourceTree = "<group>"; };
		51B51DAD29565A0D005DA37C /* HYU_CatAnalyze.swift */ = {isa = PBXFileReference; lastKnownFileType = sourcecode.swift; path = HYU_CatAnalyze.swift; sourceTree = "<group>"; };
/* End PBXFileReference section */

/* Begin PBXFrameworksBuildPhase section */
		512DD1FA295640770023C6C6 /* Frameworks */ = {
			isa = PBXFrameworksBuildPhase;
			buildActionMask = 2147483647;
			files = (
				51F76C42295776A300DEF058 /* SwiftKeychainWrapper in Frameworks */,
			);
			runOnlyForDeploymentPostprocessing = 0;
		};
/* End PBXFrameworksBuildPhase section */

/* Begin PBXGroup section */
		512DD1F4295640770023C6C6 = {
			isa = PBXGroup;
			children = (
				512DD210295648540023C6C6 /* Mood-Tracker-Info.plist */,
				512DD1FF295640770023C6C6 /* Mood Tracker */,
				512DD1FE295640770023C6C6 /* Products */,
			);
			sourceTree = "<group>";
		};
		512DD1FE295640770023C6C6 /* Products */ = {
			isa = PBXGroup;
			children = (
				512DD1FD295640770023C6C6 /* Mood Tracker.app */,
			);
			name = Products;
			sourceTree = "<group>";
		};
		512DD1FF295640770023C6C6 /* Mood Tracker */ = {
			isa = PBXGroup;
			children = (
				519247772956899500A5761F /* Resources */,
				51B51DA9295658DB005DA37C /* Views */,
				512DD200295640770023C6C6 /* Mood_TrackerApp.swift */,
				512DD204295640780023C6C6 /* Assets.xcassets */,
				512DD206295640780023C6C6 /* Preview Content */,
			);
			path = "Mood Tracker";
			sourceTree = "<group>";
		};
		512DD206295640780023C6C6 /* Preview Content */ = {
			isa = PBXGroup;
			children = (
				512DD207295640780023C6C6 /* Preview Assets.xcassets */,
			);
			path = "Preview Content";
			sourceTree = "<group>";
		};
		519247772956899500A5761F /* Resources */ = {
			isa = PBXGroup;
			children = (
				51924778295689B500A5761F /* ButtonPressActions.swift */,
			);
			path = Resources;
			sourceTree = "<group>";
		};
		5192477A29568DAE00A5761F /* Onboarding Content */ = {
			isa = PBXGroup;
			children = (
			);
			path = "Onboarding Content";
			sourceTree = "<group>";
		};
		51B51DA9295658DB005DA37C /* Views */ = {
			isa = PBXGroup;
			children = (
				512DD202295640770023C6C6 /* ContentView.swift */,
				51B51DAA2956598F005DA37C /* Catagories */,
				5192477A29568DAE00A5761F /* Onboarding Content */,
			);
			path = Views;
			sourceTree = "<group>";
		};
		51B51DAA2956598F005DA37C /* Catagories */ = {
			isa = PBXGroup;
			children = (
				512DD21129564A550023C6C6 /* HYU_CatHome.swift */,
				51B51DAD29565A0D005DA37C /* HYU_CatAnalyze.swift */,
				51B51DAB295659F6005DA37C /* HYU_CatSettings.swift */,
			);
			path = Catagories;
			sourceTree = "<group>";
		};
/* End PBXGroup section */

/* Begin PBXNativeTarget section */
		512DD1FC295640770023C6C6 /* Mood Tracker */ = {
			isa = PBXNativeTarget;
			buildConfigurationList = 512DD20B295640780023C6C6 /* Build configuration list for PBXNativeTarget "Mood Tracker" */;
			buildPhases = (
				512DD1F9295640770023C6C6 /* Sources */,
				512DD1FA295640770023C6C6 /* Frameworks */,
				512DD1FB295640770023C6C6 /* Resources */,
			);
			buildRules = (
			);
			dependencies = (
			);
			name = "Mood Tracker";
			packageProductDependencies = (
				51F76C41295776A300DEF058 /* SwiftKeychainWrapper */,
			);
			productName = "Mood Tracker";
			productReference = 512DD1FD295640770023C6C6 /* Mood Tracker.app */;
			productType = "com.apple.product-type.application";
		};
/* End PBXNativeTarget section */

/* Begin PBXProject section */
		512DD1F5295640770023C6C6 /* Project object */ = {
			isa = PBXProject;
			attributes = {
				BuildIndependentTargetsInParallel = 1;
				LastSwiftUpdateCheck = 1420;
				LastUpgradeCheck = 1420;
				TargetAttributes = {
					512DD1FC295640770023C6C6 = {
						CreatedOnToolsVersion = 14.2;
					};
				};
			};
			buildConfigurationList = 512DD1F8295640770023C6C6 /* Build configuration list for PBXProject "Mood Tracker" */;
			compatibilityVersion = "Xcode 14.0";
			developmentRegion = en;
			hasScannedForEncodings = 0;
			knownRegions = (
				en,
				Base,
			);
			mainGroup = 512DD1F4295640770023C6C6;
			packageReferences = (
				51F76C40295776A300DEF058 /* XCRemoteSwiftPackageReference "SwiftKeychainWrapper" */,
			);
			productRefGroup = 512DD1FE295640770023C6C6 /* Products */;
			projectDirPath = "";
			projectRoot = "";
			targets = (
				512DD1FC295640770023C6C6 /* Mood Tracker */,
			);
		};
/* End PBXProject section */

/* Begin PBXResourcesBuildPhase section */
		512DD1FB295640770023C6C6 /* Resources */ = {
			isa = PBXResourcesBuildPhase;
			buildActionMask = 2147483647;
			files = (
				512DD208295640780023C6C6 /* Preview Assets.xcassets in Resources */,
				512DD205295640780023C6C6 /* Assets.xcassets in Resources */,
			);
			runOnlyForDeploymentPostprocessing = 0;
		};
/* End PBXResourcesBuildPhase section */

/* Begin PBXSourcesBuildPhase section */
		512DD1F9295640770023C6C6 /* Sources */ = {
			isa = PBXSourcesBuildPhase;
			buildActionMask = 2147483647;
			files = (
				512DD21229564A550023C6C6 /* HYU_CatHome.swift in Sources */,
				512DD203295640770023C6C6 /* ContentView.swift in Sources */,
				51B51DAE29565A0D005DA37C /* HYU_CatAnalyze.swift in Sources */,
				51924779295689B500A5761F /* ButtonPressActions.swift in Sources */,
				51B51DAC295659F6005DA37C /* HYU_CatSettings.swift in Sources */,
				512DD201295640770023C6C6 /* Mood_TrackerApp.swift in Sources */,
			);
			runOnlyForDeploymentPostprocessing = 0;
		};
/* End PBXSourcesBuildPhase section */

/* Begin XCBuildConfiguration section */
		512DD209295640780023C6C6 /* Debug */ = {
			isa = XCBuildConfiguration;
			buildSettings = {
				ALWAYS_SEARCH_USER_PATHS = NO;
				CLANG_ANALYZER_NONNULL = YES;
				CLANG_ANALYZER_NUMBER_OBJECT_CONVERSION = YES_AGGRESSIVE;
				CLANG_CXX_LANGUAGE_STANDARD = "gnu++20";
				CLANG_ENABLE_MODULES = YES;
				CLANG_ENABLE_OBJC_ARC = YES;
				CLANG_ENABLE_OBJC_WEAK = YES;
				CLANG_WARN_BLOCK_CAPTURE_AUTORELEASING = YES;
				CLANG_WARN_BOOL_CONVERSION = YES;
				CLANG_WARN_COMMA = YES;
				CLANG_WARN_CONSTANT_CONVERSION = YES;
				CLANG_WARN_DEPRECATED_OBJC_IMPLEMENTATIONS = YES;
				CLANG_WARN_DIRECT_OBJC_ISA_USAGE = YES_ERROR;
				CLANG_WARN_DOCUMENTATION_COMMENTS = YES;
				CLANG_WARN_EMPTY_BODY = YES;
				CLANG_WARN_ENUM_CONVERSION = YES;
				CLANG_WARN_INFINITE_RECURSION = YES;
				CLANG_WARN_INT_CONVERSION = YES;
				CLANG_WARN_NON_LITERAL_NULL_CONVERSION = YES;
				CLANG_WARN_OBJC_IMPLICIT_RETAIN_SELF = YES;
				CLANG_WARN_OBJC_LITERAL_CONVERSION = YES;
				CLANG_WARN_OBJC_ROOT_CLASS = YES_ERROR;
				CLANG_WARN_QUOTED_INCLUDE_IN_FRAMEWORK_HEADER = YES;
				CLANG_WARN_RANGE_LOOP_ANALYSIS = YES;
				CLANG_WARN_STRICT_PROTOTYPES = YES;
				CLANG_WARN_SUSPICIOUS_MOVE = YES;
				CLANG_WARN_UNGUARDED_AVAILABILITY = YES_AGGRESSIVE;
				CLANG_WARN_UNREACHABLE_CODE = YES;
				CLANG_WARN__DUPLICATE_METHOD_MATCH = YES;
				COPY_PHASE_STRIP = NO;
				DEBUG_INFORMATION_FORMAT = dwarf;
				ENABLE_STRICT_OBJC_MSGSEND = YES;
				ENABLE_TESTABILITY = YES;
				GCC_C_LANGUAGE_STANDARD = gnu11;
				GCC_DYNAMIC_NO_PIC = NO;
				GCC_NO_COMMON_BLOCKS = YES;
				GCC_OPTIMIZATION_LEVEL = 0;
				GCC_PREPROCESSOR_DEFINITIONS = (
					"DEBUG=1",
					"$(inherited)",
				);
				GCC_WARN_64_TO_32_BIT_CONVERSION = YES;
				GCC_WARN_ABOUT_RETURN_TYPE = YES_ERROR;
				GCC_WARN_UNDECLARED_SELECTOR = YES;
				GCC_WARN_UNINITIALIZED_AUTOS = YES_AGGRESSIVE;
				GCC_WARN_UNUSED_FUNCTION = YES;
				GCC_WARN_UNUSED_VARIABLE = YES;
				IPHONEOS_DEPLOYMENT_TARGET = 16.2;
				MTL_ENABLE_DEBUG_INFO = INCLUDE_SOURCE;
				MTL_FAST_MATH = YES;
				ONLY_ACTIVE_ARCH = YES;
				SDKROOT = iphoneos;
				SWIFT_ACTIVE_COMPILATION_CONDITIONS = DEBUG;
				SWIFT_OPTIMIZATION_LEVEL = "-Onone";
			};
			name = Debug;
		};
		512DD20A295640780023C6C6 /* Release */ = {
			isa = XCBuildConfiguration;
			buildSettings = {
				ALWAYS_SEARCH_USER_PATHS = NO;
				CLANG_ANALYZER_NONNULL = YES;
				CLANG_ANALYZER_NUMBER_OBJECT_CONVERSION = YES_AGGRESSIVE;
				CLANG_CXX_LANGUAGE_STANDARD = "gnu++20";
				CLANG_ENABLE_MODULES = YES;
				CLANG_ENABLE_OBJC_ARC = YES;
				CLANG_ENABLE_OBJC_WEAK = YES;
				CLANG_WARN_BLOCK_CAPTURE_AUTORELEASING = YES;
				CLANG_WARN_BOOL_CONVERSION = YES;
				CLANG_WARN_COMMA = YES;
				CLANG_WARN_CONSTANT_CONVERSION = YES;
				CLANG_WARN_DEPRECATED_OBJC_IMPLEMENTATIONS = YES;
				CLANG_WARN_DIRECT_OBJC_ISA_USAGE = YES_ERROR;
				CLANG_WARN_DOCUMENTATION_COMMENTS = YES;
				CLANG_WARN_EMPTY_BODY = YES;
				CLANG_WARN_ENUM_CONVERSION = YES;
				CLANG_WARN_INFINITE_RECURSION = YES;
				CLANG_WARN_INT_CONVERSION = YES;
				CLANG_WARN_NON_LITERAL_NULL_CONVERSION = YES;
				CLANG_WARN_OBJC_IMPLICIT_RETAIN_SELF = YES;
				CLANG_WARN_OBJC_LITERAL_CONVERSION = YES;
				CLANG_WARN_OBJC_ROOT_CLASS = YES_ERROR;
				CLANG_WARN_QUOTED_INCLUDE_IN_FRAMEWORK_HEADER = YES;
				CLANG_WARN_RANGE_LOOP_ANALYSIS = YES;
				CLANG_WARN_STRICT_PROTOTYPES = YES;
				CLANG_WARN_SUSPICIOUS_MOVE = YES;
				CLANG_WARN_UNGUARDED_AVAILABILITY = YES_AGGRESSIVE;
				CLANG_WARN_UNREACHABLE_CODE = YES;
				CLANG_WARN__DUPLICATE_METHOD_MATCH = YES;
				COPY_PHASE_STRIP = NO;
				DEBUG_INFORMATION_FORMAT = "dwarf-with-dsym";
				ENABLE_NS_ASSERTIONS = NO;
				ENABLE_STRICT_OBJC_MSGSEND = YES;
				GCC_C_LANGUAGE_STANDARD = gnu11;
				GCC_NO_COMMON_BLOCKS = YES;
				GCC_WARN_64_TO_32_BIT_CONVERSION = YES;
				GCC_WARN_ABOUT_RETURN_TYPE = YES_ERROR;
				GCC_WARN_UNDECLARED_SELECTOR = YES;
				GCC_WARN_UNINITIALIZED_AUTOS = YES_AGGRESSIVE;
				GCC_WARN_UNUSED_FUNCTION = YES;
				GCC_WARN_UNUSED_VARIABLE = YES;
				IPHONEOS_DEPLOYMENT_TARGET = 16.2;
				MTL_ENABLE_DEBUG_INFO = NO;
				MTL_FAST_MATH = YES;
				SDKROOT = iphoneos;
				SWIFT_COMPILATION_MODE = wholemodule;
				SWIFT_OPTIMIZATION_LEVEL = "-O";
				VALIDATE_PRODUCT = YES;
			};
			name = Release;
		};
		512DD20C295640780023C6C6 /* Debug */ = {
			isa = XCBuildConfiguration;
			buildSettings = {
				ASSETCATALOG_COMPILER_APPICON_NAME = AppIcon;
				ASSETCATALOG_COMPILER_GLOBAL_ACCENT_COLOR_NAME = AccentColor;
				CODE_SIGN_STYLE = Automatic;
				CURRENT_PROJECT_VERSION = 1;
				DEVELOPMENT_ASSET_PATHS = "\"Mood Tracker/Preview Content\"";
				DEVELOPMENT_TEAM = D7D8LXAUVV;
				ENABLE_PREVIEWS = YES;
				GENERATE_INFOPLIST_FILE = YES;
				INFOPLIST_FILE = "Mood-Tracker-Info.plist";
				INFOPLIST_KEY_UIApplicationSceneManifest_Generation = YES;
				INFOPLIST_KEY_UIApplicationSupportsIndirectInputEvents = YES;
				INFOPLIST_KEY_UISupportedInterfaceOrientations_iPad = "UIInterfaceOrientationPortrait UIInterfaceOrientationPortraitUpsideDown UIInterfaceOrientationLandscapeLeft UIInterfaceOrientationLandscapeRight";
				INFOPLIST_KEY_UISupportedInterfaceOrientations_iPhone = "UIInterfaceOrientationPortrait UIInterfaceOrientationLandscapeLeft UIInterfaceOrientationLandscapeRight";
				LD_RUNPATH_SEARCH_PATHS = (
					"$(inherited)",
					"@executable_path/Frameworks",
				);
				MARKETING_VERSION = 1.0;
				PRODUCT_BUNDLE_IDENTIFIER = "com.albertshih3.Mood-Tracker";
				PRODUCT_NAME = "$(TARGET_NAME)";
				SWIFT_EMIT_LOC_STRINGS = YES;
				SWIFT_VERSION = 5.0;
				TARGETED_DEVICE_FAMILY = "1,2";
			};
			name = Debug;
		};
		512DD20D295640780023C6C6 /* Release */ = {
			isa = XCBuildConfiguration;
			buildSettings = {
				ASSETCATALOG_COMPILER_APPICON_NAME = AppIcon;
				ASSETCATALOG_COMPILER_GLOBAL_ACCENT_COLOR_NAME = AccentColor;
				CODE_SIGN_STYLE = Automatic;
				CURRENT_PROJECT_VERSION = 1;
				DEVELOPMENT_ASSET_PATHS = "\"Mood Tracker/Preview Content\"";
				DEVELOPMENT_TEAM = D7D8LXAUVV;
				ENABLE_PREVIEWS = YES;
				GENERATE_INFOPLIST_FILE = YES;
				INFOPLIST_FILE = "Mood-Tracker-Info.plist";
				INFOPLIST_KEY_UIApplicationSceneManifest_Generation = YES;
				INFOPLIST_KEY_UIApplicationSupportsIndirectInputEvents = YES;
				INFOPLIST_KEY_UISupportedInterfaceOrientations_iPad = "UIInterfaceOrientationPortrait UIInterfaceOrientationPortraitUpsideDown UIInterfaceOrientationLandscapeLeft UIInterfaceOrientationLandscapeRight";
				INFOPLIST_KEY_UISupportedInterfaceOrientations_iPhone = "UIInterfaceOrientationPortrait UIInterfaceOrientationLandscapeLeft UIInterfaceOrientationLandscapeRight";
				LD_RUNPATH_SEARCH_PATHS = (
					"$(inherited)",
					"@executable_path/Frameworks",
				);
				MARKETING_VERSION = 1.0;
				PRODUCT_BUNDLE_IDENTIFIER = "com.albertshih3.Mood-Tracker";
				PRODUCT_NAME = "$(TARGET_NAME)";
				SWIFT_EMIT_LOC_STRINGS = YES;
				SWIFT_VERSION = 5.0;
				TARGETED_DEVICE_FAMILY = "1,2";
			};
			name = Release;
		};
/* End XCBuildConfiguration section */

/* Begin XCConfigurationList section */
		512DD1F8295640770023C6C6 /* Build configuration list for PBXProject "Mood Tracker" */ = {
			isa = XCConfigurationList;
			buildConfigurations = (
				512DD209295640780023C6C6 /* Debug */,
				512DD20A295640780023C6C6 /* Release */,
			);
			defaultConfigurationIsVisible = 0;
			defaultConfigurationName = Release;
		};
		512DD20B295640780023C6C6 /* Build configuration list for PBXNativeTarget "Mood Tracker" */ = {
			isa = XCConfigurationList;
			buildConfigurations = (
				512DD20C295640780023C6C6 /* Debug */,
				512DD20D295640780023C6C6 /* Release */,
			);
			defaultConfigurationIsVisible = 0;
			defaultConfigurationName = Release;
		};
/* End XCConfigurationList section */

/* Begin XCRemoteSwiftPackageReference section */
		51F76C40295776A300DEF058 /* XCRemoteSwiftPackageReference "SwiftKeychainWrapper" */ = {
			isa = XCRemoteSwiftPackageReference;
			repositoryURL = "https://github.com/jrendel/SwiftKeychainWrapper";
			requirement = {
				kind = upToNextMajorVersion;
				minimumVersion = 4.0.0;
			};
		};
/* End XCRemoteSwiftPackageReference section */

/* Begin XCSwiftPackageProductDependency section */
		51F76C41295776A300DEF058 /* SwiftKeychainWrapper */ = {
			isa = XCSwiftPackageProductDependency;
			package = 51F76C40295776A300DEF058 /* XCRemoteSwiftPackageReference "SwiftKeychainWrapper" */;
			productName = SwiftKeychainWrapper;
		};
/* End XCSwiftPackageProductDependency section */
	};
	rootObject = 512DD1F5295640770023C6C6 /* Project object */;
}
